
Microsoft Visual Studio Solution File, Format Version 12.00
# Visual Studio 15
VisualStudioVersion = 15.0.26730.12
MinimumVisualStudioVersion = 10.0.40219.1
Project("{FAE04EC0-301F-11D3-BF4B-00C04F79EFBC}") = "TritonRelay", "TritonRelay\TritonRelay.csproj", "{E08118C8-61E0-4F83-84F7-18A6C0E43C25}"
EndProject
Global
	GlobalSection(SolutionConfigurationPlatforms) = preSolution
		Debug|Any CPU = Debug|Any CPU
		Release|Any CPU = Release|Any CPU
	EndGlobalSection
	GlobalSection(ProjectConfigurationPlatforms) = postSolution
		{E08118C8-61E0-4F83-84F7-18A6C0E43C25}.Debug|Any CPU.ActiveCfg = Debug|Any CPU
		{E08118C8-61E0-4F83-84F7-18A6C0E43C25}.Debug|Any CPU.Build.0 = Debug|Any CPU
		{E08118C8-61E0-4F83-84F7-18A6C0E43C25}.Release|Any CPU.ActiveCfg = Release|Any CPU
		{E08118C8-61E0-4F83-84F7-18A6C0E43C25}.Release|Any CPU.Build.0 = Release|Any CPU
	EndGlobalSection
	GlobalSection(SolutionProperties) = preSolution
		HideSolutionNode = FALSE
	EndGlobalSection
	GlobalSection(ExtensibilityGlobals) = postSolution
		SolutionGuid = {4DCD0897-7981-460D-B8D3-0CD8DC4040D0}
	EndGlobalSection
EndGlobal
